
Microsoft Visual Studio Solution File, Format Version 12.00
# Visual Studio 15
VisualStudioVersion = 15.0.28307.168
MinimumVisualStudioVersion = 10.0.40219.1
Project("{FAE04EC0-301F-11D3-BF4B-00C04F79EFBC}") = "SmartHomeClient.Android", "SmartHomeClient\SmartHomeClient.Android\SmartHomeClient.Android.csproj", "{75A4419E-EFB7-41A5-A381-04EFEF41ED2A}"
EndProject
Project("{FAE04EC0-301F-11D3-BF4B-00C04F79EFBC}") = "SmartHomeClient.iOS", "SmartHomeClient\SmartHomeClient.iOS\SmartHomeClient.iOS.csproj", "{D7EF042F-B4CB-464C-956E-AA597A1840BC}"
EndProject
Project("{FAE04EC0-301F-11D3-BF4B-00C04F79EFBC}") = "SmartHomeClient", "SmartHomeClient\SmartHomeClient\SmartHomeClient.csproj", "{CBD7CB41-1A9B-4BDF-8BA5-D0F68AF70120}"
EndProject
Global
	GlobalSection(SolutionConfigurationPlatforms) = preSolution
		Ad-Hoc|Any CPU = Ad-Hoc|Any CPU
		Ad-Hoc|iPhone = Ad-Hoc|iPhone
		Ad-Hoc|iPhoneSimulator = Ad-Hoc|iPhoneSimulator
		AppStore|Any CPU = AppStore|Any CPU
		AppStore|iPhone = AppStore|iPhone
		AppStore|iPhoneSimulator = AppStore|iPhoneSimulator
		Debug|Any CPU = Debug|Any CPU
		Debug|iPhone = Debug|iPhone
		Debug|iPhoneSimulator = Debug|iPhoneSimulator
		Release|Any CPU = Release|Any CPU
		Release|iPhone = Release|iPhone
		Release|iPhoneSimulator = Release|iPhoneSimulator
	EndGlobalSection
	GlobalSection(ProjectConfigurationPlatforms) = postSolution
		{75A4419E-EFB7-41A5-A381-04EFEF41ED2A}.Ad-Hoc|Any CPU.ActiveCfg = Release|Any CPU
		{75A4419E-EFB7-41A5-A381-04EFEF41ED2A}.Ad-Hoc|Any CPU.Build.0 = Release|Any CPU
		{75A4419E-EFB7-41A5-A381-04EFEF41ED2A}.Ad-Hoc|Any CPU.Deploy.0 = Release|Any CPU
		{75A4419E-EFB7-41A5-A381-04EFEF41ED2A}.Ad-Hoc|iPhone.ActiveCfg = Release|Any CPU
		{75A4419E-EFB7-41A5-A381-04EFEF41ED2A}.Ad-Hoc|iPhone.Build.0 = Release|Any CPU
		{75A4419E-EFB7-41A5-A381-04EFEF41ED2A}.Ad-Hoc|iPhone.Deploy.0 = Release|Any CPU
		{75A4419E-EFB7-41A5-A381-04EFEF41ED2A}.Ad-Hoc|iPhoneSimulator.ActiveCfg = Release|Any CPU
		{75A4419E-EFB7-41A5-A381-04EFEF41ED2A}.Ad-Hoc|iPhoneSimulator.Build.0 = Release|Any CPU
		{75A4419E-EFB7-41A5-A381-04EFEF41ED2A}.Ad-Hoc|iPhoneSimulator.Deploy.0 = Release|Any CPU
		{75A4419E-EFB7-41A5-A381-04EFEF41ED2A}.AppStore|Any CPU.ActiveCfg = Release|Any CPU
		{75A4419E-EFB7-41A5-A381-04EFEF41ED2A}.AppStore|Any CPU.Build.0 = Release|Any CPU
		{75A4419E-EFB7-41A5-A381-04EFEF41ED2A}.AppStore|Any CPU.Deploy.0 = Release|Any CPU
		{75A4419E-EFB7-41A5-A381-04EFEF41ED2A}.AppStore|iPhone.ActiveCfg = Release|Any CPU
		{75A4419E-EFB7-41A5-A381-04EFEF41ED2A}.AppStore|iPhone.Build.0 = Release|Any CPU
		{75A4419E-EFB7-41A5-A381-04EFEF41ED2A}.AppStore|iPhone.Deploy.0 = Release|Any CPU
		{75A4419E-EFB7-41A5-A381-04EFEF41ED2A}.AppStore|iPhoneSimulator.ActiveCfg = Release|Any CPU
		{75A4419E-EFB7-41A5-A381-04EFEF41ED2A}.AppStore|iPhoneSimulator.Build.0 = Release|Any CPU
		{75A4419E-EFB7-41A5-A381-04EFEF41ED2A}.AppStore|iPhoneSimulator.Deploy.0 = Release|Any CPU
		{75A4419E-EFB7-41A5-A381-04EFEF41ED2A}.Debug|Any CPU.ActiveCfg = Debug|Any CPU
		{75A4419E-EFB7-41A5-A381-04EFEF41ED2A}.Debug|Any CPU.Build.0 = Debug|Any CPU
		{75A4419E-EFB7-41A5-A381-04EFEF41ED2A}.Debug|Any CPU.Deploy.0 = Debug|Any CPU
		{75A4419E-EFB7-41A5-A381-04EFEF41ED2A}.Debug|iPhone.ActiveCfg = Debug|Any CPU
		{75A4419E-EFB7-41A5-A381-04EFEF41ED2A}.Debug|iPhone.Build.0 = Debug|Any CPU
		{75A4419E-EFB7-41A5-A381-04EFEF41ED2A}.Debug|iPhone.Deploy.0 = Debug|Any CPU
		{75A4419E-EFB7-41A5-A381-04EFEF41ED2A}.Debug|iPhoneSimulator.ActiveCfg = Debug|Any CPU
		{75A4419E-EFB7-41A5-A381-04EFEF41ED2A}.Debug|iPhoneSimulator.Build.0 = Debug|Any CPU
		{75A4419E-EFB7-41A5-A381-04EFEF41ED2A}.Debug|iPhoneSimulator.Deploy.0 = Debug|Any CPU
		{75A4419E-EFB7-41A5-A381-04EFEF41ED2A}.Release|Any CPU.ActiveCfg = Release|Any CPU
		{75A4419E-EFB7-41A5-A381-04EFEF41ED2A}.Release|Any CPU.Build.0 = Release|Any CPU
		{75A4419E-EFB7-41A5-A381-04EFEF41ED2A}.Release|Any CPU.Deploy.0 = Release|Any CPU
		{75A4419E-EFB7-41A5-A381-04EFEF41ED2A}.Release|iPhone.ActiveCfg = Release|Any CPU
		{75A4419E-EFB7-41A5-A381-04EFEF41ED2A}.Release|iPhone.Build.0 = Release|Any CPU
		{75A4419E-EFB7-41A5-A381-04EFEF41ED2A}.Release|iPhone.Deploy.0 = Release|Any CPU
		{75A4419E-EFB7-41A5-A381-04EFEF41ED2A}.Release|iPhoneSimulator.ActiveCfg = Release|Any CPU
		{75A4419E-EFB7-41A5-A381-04EFEF41ED2A}.Release|iPhoneSimulator.Build.0 = Release|Any CPU
		{75A4419E-EFB7-41A5-A381-04EFEF41ED2A}.Release|iPhoneSimulator.Deploy.0 = Release|Any CPU
		{D7EF042F-B4CB-464C-956E-AA597A1840BC}.Ad-Hoc|Any CPU.ActiveCfg = Ad-Hoc|iPhone
		{D7EF042F-B4CB-464C-956E-AA597A1840BC}.Ad-Hoc|Any CPU.Build.0 = Ad-Hoc|iPhone
		{D7EF042F-B4CB-464C-956E-AA597A1840BC}.Ad-Hoc|Any CPU.Deploy.0 = Ad-Hoc|iPhone
		{D7EF042F-B4CB-464C-956E-AA597A1840BC}.Ad-Hoc|iPhone.ActiveCfg = Ad-Hoc|iPhone
		{D7EF042F-B4CB-464C-956E-AA597A1840BC}.Ad-Hoc|iPhone.Build.0 = Ad-Hoc|iPhone
		{D7EF042F-B4CB-464C-956E-AA597A1840BC}.Ad-Hoc|iPhone.Deploy.0 = Ad-Hoc|iPhone
		{D7EF042F-B4CB-464C-956E-AA597A1840BC}.Ad-Hoc|iPhoneSimulator.ActiveCfg = Ad-Hoc|iPhoneSimulator
		{D7EF042F-B4CB-464C-956E-AA597A1840BC}.Ad-Hoc|iPhoneSimulator.Build.0 = Ad-Hoc|iPhoneSimulator
		{D7EF042F-B4CB-464C-956E-AA597A1840BC}.Ad-Hoc|iPhoneSimulator.Deploy.0 = Ad-Hoc|iPhoneSimulator
		{D7EF042F-B4CB-464C-956E-AA597A1840BC}.AppStore|Any CPU.ActiveCfg = AppStore|iPhone
		{D7EF042F-B4CB-464C-956E-AA597A1840BC}.AppStore|Any CPU.Build.0 = AppStore|iPhone
		{D7EF042F-B4CB-464C-956E-AA597A1840BC}.AppStore|Any CPU.Deploy.0 = AppStore|iPhone
		{D7EF042F-B4CB-464C-956E-AA597A1840BC}.AppStore|iPhone.ActiveCfg = AppStore|iPhone
		{D7EF042F-B4CB-464C-956E-AA597A1840BC}.AppStore|iPhone.Build.0 = AppStore|iPhone
		{D7EF042F-B4CB-464C-956E-AA597A1840BC}.AppStore|iPhone.Deploy.0 = AppStore|iPhone
		{D7EF042F-B4CB-464C-956E-AA597A1840BC}.AppStore|iPhoneSimulator.ActiveCfg = AppStore|iPhoneSimulator
		{D7EF042F-B4CB-464C-956E-AA597A1840BC}.AppStore|iPhoneSimulator.Build.0 = AppStore|iPhoneSimulator
		{D7EF042F-B4CB-464C-956E-AA597A1840BC}.AppStore|iPhoneSimulator.Deploy.0 = AppStore|iPhoneSimulator
		{D7EF042F-B4CB-464C-956E-AA597A1840BC}.Debug|Any CPU.ActiveCfg = Debug|iPhoneSimulator
		{D7EF042F-B4CB-464C-956E-AA597A1840BC}.Debug|Any CPU.Build.0 = Debug|iPhoneSimulator
		{D7EF042F-B4CB-464C-956E-AA597A1840BC}.Debug|Any CPU.Deploy.0 = Debug|iPhoneSimulator
		{D7EF042F-B4CB-464C-956E-AA597A1840BC}.Debug|iPhone.ActiveCfg = Debug|iPhone
		{D7EF042F-B4CB-464C-956E-AA597A1840BC}.Debug|iPhone.Build.0 = Debug|iPhone
		{D7EF042F-B4CB-464C-956E-AA597A1840BC}.Debug|iPhone.Deploy.0 = Debug|iPhone
		{D7EF042F-B4CB-464C-956E-AA597A1840BC}.Debug|iPhoneSimulator.ActiveCfg = Debug|iPhoneSimulator
		{D7EF042F-B4CB-464C-956E-AA597A1840BC}.Debug|iPhoneSimulator.Build.0 = Debug|iPhoneSimulator
		{D7EF042F-B4CB-464C-956E-AA597A1840BC}.Debug|iPhoneSimulator.Deploy.0 = Debug|iPhoneSimulator
		{D7EF042F-B4CB-464C-956E-AA597A1840BC}.Release|Any CPU.ActiveCfg = Release|iPhone
		{D7EF042F-B4CB-464C-956E-AA597A1840BC}.Release|Any CPU.Build.0 = Release|iPhone
		{D7EF042F-B4CB-464C-956E-AA597A1840BC}.Release|Any CPU.Deploy.0 = Release|iPhone
		{D7EF042F-B4CB-464C-956E-AA597A1840BC}.Release|iPhone.ActiveCfg = Release|iPhone
		{D7EF042F-B4CB-464C-956E-AA597A1840BC}.Release|iPhone.Build.0 = Release|iPhone
		{D7EF042F-B4CB-464C-956E-AA597A1840BC}.Release|iPhone.Deploy.0 = Release|iPhone
		{D7EF042F-B4CB-464C-956E-AA597A1840BC}.Release|iPhoneSimulator.ActiveCfg = Release|iPhoneSimulator
		{D7EF042F-B4CB-464C-956E-AA597A1840BC}.Release|iPhoneSimulator.Build.0 = Release|iPhoneSimulator
		{D7EF042F-B4CB-464C-956E-AA597A1840BC}.Release|iPhoneSimulator.Deploy.0 = Release|iPhoneSimulator
		{CBD7CB41-1A9B-4BDF-8BA5-D0F68AF70120}.Ad-Hoc|Any CPU.ActiveCfg = Debug|Any CPU
		{CBD7CB41-1A9B-4BDF-8BA5-D0F68AF70120}.Ad-Hoc|Any CPU.Build.0 = Debug|Any CPU
		{CBD7CB41-1A9B-4BDF-8BA5-D0F68AF70120}.Ad-Hoc|Any CPU.Deploy.0 = Debug|Any CPU
		{CBD7CB41-1A9B-4BDF-8BA5-D0F68AF70120}.Ad-Hoc|iPhone.ActiveCfg = Debug|Any CPU
		{CBD7CB41-1A9B-4BDF-8BA5-D0F68AF70120}.Ad-Hoc|iPhone.Build.0 = Debug|Any CPU
		{CBD7CB41-1A9B-4BDF-8BA5-D0F68AF70120}.Ad-Hoc|iPhone.Deploy.0 = Debug|Any CPU
		{CBD7CB41-1A9B-4BDF-8BA5-D0F68AF70120}.Ad-Hoc|iPhoneSimulator.ActiveCfg = Debug|Any CPU
		{CBD7CB41-1A9B-4BDF-8BA5-D0F68AF70120}.Ad-Hoc|iPhoneSimulator.Build.0 = Debug|Any CPU
		{CBD7CB41-1A9B-4BDF-8BA5-D0F68AF70120}.Ad-Hoc|iPhoneSimulator.Deploy.0 = Debug|Any CPU
		{CBD7CB41-1A9B-4BDF-8BA5-D0F68AF70120}.AppStore|Any CPU.ActiveCfg = Debug|Any CPU
		{CBD7CB41-1A9B-4BDF-8BA5-D0F68AF70120}.AppStore|Any CPU.Build.0 = Debug|Any CPU
		{CBD7CB41-1A9B-4BDF-8BA5-D0F68AF70120}.AppStore|Any CPU.Deploy.0 = Debug|Any CPU
		{CBD7CB41-1A9B-4BDF-8BA5-D0F68AF70120}.AppStore|iPhone.ActiveCfg = Debug|Any CPU
		{CBD7CB41-1A9B-4BDF-8BA5-D0F68AF70120}.AppStore|iPhone.Build.0 = Debug|Any CPU
		{CBD7CB41-1A9B-4BDF-8BA5-D0F68AF70120}.AppStore|iPhone.Deploy.0 = Debug|Any CPU
		{CBD7CB41-1A9B-4BDF-8BA5-D0F68AF70120}.AppStore|iPhoneSimulator.ActiveCfg = Debug|Any CPU
		{CBD7CB41-1A9B-4BDF-8BA5-D0F68AF70120}.AppStore|iPhoneSimulator.Build.0 = Debug|Any CPU
		{CBD7CB41-1A9B-4BDF-8BA5-D0F68AF70120}.AppStore|iPhoneSimulator.Deploy.0 = Debug|Any CPU
		{CBD7CB41-1A9B-4BDF-8BA5-D0F68AF70120}.Debug|Any CPU.ActiveCfg = Debug|Any CPU
		{CBD7CB41-1A9B-4BDF-8BA5-D0F68AF70120}.Debug|Any CPU.Build.0 = Debug|Any CPU
		{CBD7CB41-1A9B-4BDF-8BA5-D0F68AF70120}.Debug|Any CPU.Deploy.0 = Debug|Any CPU
		{CBD7CB41-1A9B-4BDF-8BA5-D0F68AF70120}.Debug|iPhone.ActiveCfg = Debug|Any CPU
		{CBD7CB41-1A9B-4BDF-8BA5-D0F68AF70120}.Debug|iPhone.Build.0 = Debug|Any CPU
		{CBD7CB41-1A9B-4BDF-8BA5-D0F68AF70120}.Debug|iPhone.Deploy.0 = Debug|Any CPU
		{CBD7CB41-1A9B-4BDF-8BA5-D0F68AF70120}.Debug|iPhoneSimulator.ActiveCfg = Debug|Any CPU
		{CBD7CB41-1A9B-4BDF-8BA5-D0F68AF70120}.Debug|iPhoneSimulator.Build.0 = Debug|Any CPU
		{CBD7CB41-1A9B-4BDF-8BA5-D0F68AF70120}.Debug|iPhoneSimulator.Deploy.0 = Debug|Any CPU
		{CBD7CB41-1A9B-4BDF-8BA5-D0F68AF70120}.Release|Any CPU.ActiveCfg = Release|Any CPU
		{CBD7CB41-1A9B-4BDF-8BA5-D0F68AF70120}.Release|Any CPU.Build.0 = Release|Any CPU
		{CBD7CB41-1A9B-4BDF-8BA5-D0F68AF70120}.Release|Any CPU.Deploy.0 = Release|Any CPU
		{CBD7CB41-1A9B-4BDF-8BA5-D0F68AF70120}.Release|iPhone.ActiveCfg = Release|Any CPU
		{CBD7CB41-1A9B-4BDF-8BA5-D0F68AF70120}.Release|iPhone.Build.0 = Release|Any CPU
		{CBD7CB41-1A9B-4BDF-8BA5-D0F68AF70120}.Release|iPhone.Deploy.0 = Release|Any CPU
		{CBD7CB41-1A9B-4BDF-8BA5-D0F68AF70120}.Release|iPhoneSimulator.ActiveCfg = Release|Any CPU
		{CBD7CB41-1A9B-4BDF-8BA5-D0F68AF70120}.Release|iPhoneSimulator.Build.0 = Release|Any CPU
		{CBD7CB41-1A9B-4BDF-8BA5-D0F68AF70120}.Release|iPhoneSimulator.Deploy.0 = Release|Any CPU
	EndGlobalSection
	GlobalSection(SolutionProperties) = preSolution
		HideSolutionNode = FALSE
	EndGlobalSection
	GlobalSection(ExtensibilityGlobals) = postSolution
		SolutionGuid = {23D20883-879F-4BFD-BFC6-31A296AA5120}
	EndGlobalSection
EndGlobal
